
Microsoft Visual Studio Solution File, Format Version 12.00
# Visual Studio Version 17
VisualStudioVersion = 17.5.002.0
MinimumVisualStudioVersion = 10.0.40219.1
Project("{9A19103F-16F7-4668-BE54-9A1E7A4F7556}") = "hotCold", "hotCold\hotCold.csproj", "{E031CF56-F21C-4B6F-94A5-EC4314C6E41C}"
EndProject
Global
	GlobalSection(SolutionConfigurationPlatforms) = preSolution
		Debug|Any CPU = Debug|Any CPU
		Release|Any CPU = Release|Any CPU
	EndGlobalSection
	GlobalSection(ProjectConfigurationPlatforms) = postSolution
		{E031CF56-F21C-4B6F-94A5-EC4314C6E41C}.Debug|Any CPU.ActiveCfg = Debug|Any CPU
		{E031CF56-F21C-4B6F-94A5-EC4314C6E41C}.Debug|Any CPU.Build.0 = Debug|Any CPU
		{E031CF56-F21C-4B6F-94A5-EC4314C6E41C}.Release|Any CPU.ActiveCfg = Release|Any CPU
		{E031CF56-F21C-4B6F-94A5-EC4314C6E41C}.Release|Any CPU.Build.0 = Release|Any CPU
	EndGlobalSection
	GlobalSection(SolutionProperties) = preSolution
		HideSolutionNode = FALSE
	EndGlobalSection
	GlobalSection(ExtensibilityGlobals) = postSolution
		SolutionGuid = {AFEB273A-4648-40C2-A8DD-1025C6EB3E02}
	EndGlobalSection
EndGlobal
